
Microsoft Visual Studio Solution File, Format Version 12.00
# Visual Studio 2012
Project("{8BC9CEB8-8B4A-11D0-8D11-00A0C91BC942}") = "ConsCtl", "ConsCtl\ConsCtl.vcxproj", "{8B81D676-531D-40CB-9B8F-09E3A8E5D0D2}"
EndProject
Project("{8BC9CEB8-8B4A-11D0-8D11-00A0C91BC942}") = "ProcObsrv", "ProcObsrv\ProcObsrv.vcxproj", "{0ABF7CFF-568B-4BCA-AAFF-F3B7A8726016}"
EndProject
Global
	GlobalSection(SolutionConfigurationPlatforms) = preSolution
		Debug|Win32 = Debug|Win32
		Release|Win32 = Release|Win32
		Template|Win32 = Template|Win32
	EndGlobalSection
	GlobalSection(ProjectConfigurationPlatforms) = postSolution
		{8B81D676-531D-40CB-9B8F-09E3A8E5D0D2}.Debug|Win32.ActiveCfg = Debug|Win32
		{8B81D676-531D-40CB-9B8F-09E3A8E5D0D2}.Debug|Win32.Build.0 = Debug|Win32
		{8B81D676-531D-40CB-9B8F-09E3A8E5D0D2}.Release|Win32.ActiveCfg = Release|Win32
		{8B81D676-531D-40CB-9B8F-09E3A8E5D0D2}.Release|Win32.Build.0 = Release|Win32
		{8B81D676-531D-40CB-9B8F-09E3A8E5D0D2}.Template|Win32.ActiveCfg = Release|Win32
		{8B81D676-531D-40CB-9B8F-09E3A8E5D0D2}.Template|Win32.Build.0 = Release|Win32
		{0ABF7CFF-568B-4BCA-AAFF-F3B7A8726016}.Debug|Win32.ActiveCfg = Debug|Win32
		{0ABF7CFF-568B-4BCA-AAFF-F3B7A8726016}.Debug|Win32.Build.0 = Debug|Win32
		{0ABF7CFF-568B-4BCA-AAFF-F3B7A8726016}.Release|Win32.ActiveCfg = Release|Win32
		{0ABF7CFF-568B-4BCA-AAFF-F3B7A8726016}.Release|Win32.Build.0 = Release|Win32
		{0ABF7CFF-568B-4BCA-AAFF-F3B7A8726016}.Template|Win32.ActiveCfg = Template|Win32
		{0ABF7CFF-568B-4BCA-AAFF-F3B7A8726016}.Template|Win32.Build.0 = Template|Win32
	EndGlobalSection
	GlobalSection(SolutionProperties) = preSolution
		HideSolutionNode = FALSE
	EndGlobalSection
EndGlobal
